
Microsoft Visual Studio Solution File, Format Version 12.00
# Visual Studio Version 16
VisualStudioVersion = 16.0.30309.148
MinimumVisualStudioVersion = 10.0.40219.1
Project("{9092AA53-FB77-4645-B42D-1CCCA6BD08BD}") = "UI.QX", "UI.QX\UI.QX.njsproj", "{C2154F65-84AD-4B03-BD44-9E0A7C2AD916}"
EndProject
Project("{9A19103F-16F7-4668-BE54-9A1E7A4F7556}") = "Proc.Access", "Proc.Access\Proc.Access.csproj", "{D4AEFF59-CBA2-42FB-90BB-4E51EFD8E7D4}"
EndProject
Project("{9A19103F-16F7-4668-BE54-9A1E7A4F7556}") = "Proc.Docs", "Proc.Docs\Proc.Docs.csproj", "{15B530DA-C9C7-4513-9400-0AF4EC22C949}"
EndProject
Project("{9A19103F-16F7-4668-BE54-9A1E7A4F7556}") = "Proc.AO", "Proc.AO\Proc.AO.csproj", "{05F906D8-99C8-483A-BF4D-64FC89B5EE97}"
EndProject
Project("{9A19103F-16F7-4668-BE54-9A1E7A4F7556}") = "Proc.SIO", "Proc.SIO\Proc.SIO.csproj", "{F91BD23F-9DB8-4199-951F-1DFEF9EC4B2D}"
EndProject
Project("{9A19103F-16F7-4668-BE54-9A1E7A4F7556}") = "Proc.IOTIF", "Proc.IOT\Proc.IOTIF.csproj", "{36984813-89B1-4D27-9A52-F304C38CA444}"
EndProject
Project("{9A19103F-16F7-4668-BE54-9A1E7A4F7556}") = "Common.TaskWF", "Common.TaskWF\Common.TaskWF.csproj", "{59A200B7-EC0B-44F8-8193-FBAA9643291C}"
EndProject
Project("{9A19103F-16F7-4668-BE54-9A1E7A4F7556}") = "Fn.ADEX", "Fn.ADEX\Fn.ADEX.csproj", "{F402FE45-52BF-4B3F-A76D-D4F3BEA64E2A}"
EndProject
Project("{9A19103F-16F7-4668-BE54-9A1E7A4F7556}") = "Route.ADEX", "Route.ADEX\Route.ADEX.csproj", "{CE55E46A-E544-4A3D-8EF4-242C0E7BF084}"
EndProject
Project("{9A19103F-16F7-4668-BE54-9A1E7A4F7556}") = "Proc.Communication", "Proc.Comm\Proc.Communication.csproj", "{5E63D4DD-9053-4651-A5AF-7B39A5E47E99}"
EndProject
Project("{9A19103F-16F7-4668-BE54-9A1E7A4F7556}") = "Proc.Cron", "Proc.Cron\Proc.Cron.csproj", "{2F0550E6-4B0A-4731-B7D5-12A5ABE6CAB1}"
EndProject
Project("{9A19103F-16F7-4668-BE54-9A1E7A4F7556}") = "Proc.Help", "Proc.Help\Proc.Help.csproj", "{E3B628F5-52DD-49C1-A6B4-1470E48712D3}"
EndProject
Project("{9A19103F-16F7-4668-BE54-9A1E7A4F7556}") = "Proc.Office", "Proc.Office\Proc.Office.csproj", "{9FBB7993-D1F4-4ADB-B4DF-E8774DD2EA79}"
EndProject
Project("{9A19103F-16F7-4668-BE54-9A1E7A4F7556}") = "Proc.Stripe", "Proc.Stripe\Proc.Stripe.csproj", "{58ED7E80-E0F8-400A-8F44-802F6E2609DD}"
EndProject
Project("{9A19103F-16F7-4668-BE54-9A1E7A4F7556}") = "Proc.Task", "Proc.Task\Proc.Task.csproj", "{F84B363D-95E2-47D7-A5E0-544DFC580DA2}"
EndProject
Project("{9A19103F-16F7-4668-BE54-9A1E7A4F7556}") = "Proc.Workflow", "Proc.Workflow\Proc.Workflow.csproj", "{6421FB65-7067-49EC-AF06-56C93DC39257}"
EndProject
Project("{2150E333-8FDC-42A3-9474-1A3956D46DE8}") = "Solution Items", "Solution Items", "{E5AA9ED9-0FFE-4801-8F68-68B46C67964A}"
	ProjectSection(SolutionItems) = preProject
		readmes\images\Acct1.png = readmes\images\Acct1.png
		readmes\images\Acct10.png = readmes\images\Acct10.png
		readmes\images\Acct2.png = readmes\images\Acct2.png
		readmes\images\Acct3.png = readmes\images\Acct3.png
		readmes\images\Ahk1.png = readmes\images\Ahk1.png
		readmes\images\Ahk2.png = readmes\images\Ahk2.png
		readmes\images\Ahk3.png = readmes\images\Ahk3.png
		readmes\images\AllowedExt.png = readmes\images\AllowedExt.png
		readmes\images\Ana1.png = readmes\images\Ana1.png
		readmes\images\Ana2.png = readmes\images\Ana2.png
		readmes\images\Ana3.png = readmes\images\Ana3.png
		readmes\images\Ana4.png = readmes\images\Ana4.png
		readmes\images\Ana5.png = readmes\images\Ana5.png
		readmes\images\Cal1.png = readmes\images\Cal1.png
		readmes\images\Cal2.png = readmes\images\Cal2.png
		readmes\images\Cal3.png = readmes\images\Cal3.png
		readmes\images\Camp1.png = readmes\images\Camp1.png
		readmes\images\chato1.png = readmes\images\chato1.png
		readmes\images\chato10.png = readmes\images\chato10.png
		readmes\images\chato11.png = readmes\images\chato11.png
		readmes\images\chato12.png = readmes\images\chato12.png
		readmes\images\chato13.png = readmes\images\chato13.png
		readmes\images\chato2.png = readmes\images\chato2.png
		readmes\images\chato3.png = readmes\images\chato3.png
		readmes\images\chato4.png = readmes\images\chato4.png
		readmes\images\chato5.png = readmes\images\chato5.png
		readmes\images\chato6.png = readmes\images\chato6.png
		readmes\images\chato7.png = readmes\images\chato7.png
		readmes\images\chato8.png = readmes\images\chato8.png
		readmes\images\chato9.png = readmes\images\chato9.png
		readmes\images\ContainerLog.png = readmes\images\ContainerLog.png
		readmes\images\Context1.png = readmes\images\Context1.png
		readmes\images\Da1.png = readmes\images\Da1.png
		readmes\images\Da2.png = readmes\images\Da2.png
		readmes\images\Da3.png = readmes\images\Da3.png
		readmes\images\Datetime.png = readmes\images\Datetime.png
		readmes\images\Desktop.png = readmes\images\Desktop.png
		readmes\images\Doc1.png = readmes\images\Doc1.png
		readmes\images\Doc10.png = readmes\images\Doc10.png
		readmes\images\Doc11.png = readmes\images\Doc11.png
		readmes\images\Doc12.png = readmes\images\Doc12.png
		readmes\images\Doc13.png = readmes\images\Doc13.png
		readmes\images\Doc14.png = readmes\images\Doc14.png
		readmes\images\Doc15.png = readmes\images\Doc15.png
		readmes\images\Doc16.png = readmes\images\Doc16.png
		readmes\images\Doc17.png = readmes\images\Doc17.png
		readmes\images\Doc18.png = readmes\images\Doc18.png
		readmes\images\Doc2.png = readmes\images\Doc2.png
		readmes\images\Doc3.png = readmes\images\Doc3.png
		readmes\images\Doc4.png = readmes\images\Doc4.png
		readmes\images\Doc5.png = readmes\images\Doc5.png
		readmes\images\Doc6.png = readmes\images\Doc6.png
		readmes\images\Doc7.png = readmes\images\Doc7.png
		readmes\images\Doc8.png = readmes\images\Doc8.png
		readmes\images\Doc9.png = readmes\images\Doc9.png
		readmes\images\Ds1.png = readmes\images\Ds1.png
		readmes\images\Ds10.png = readmes\images\Ds10.png
		readmes\images\Ds11.png = readmes\images\Ds11.png
		readmes\images\Ds12.png = readmes\images\Ds12.png
		readmes\images\Ds2.png = readmes\images\Ds2.png
		readmes\images\Ds20.png = readmes\images\Ds20.png
		readmes\images\Ds21.png = readmes\images\Ds21.png
		readmes\images\Ds3.png = readmes\images\Ds3.png
		readmes\images\Ds4.png = readmes\images\Ds4.png
		readmes\images\Ds5.png = readmes\images\Ds5.png
		readmes\images\Ds6.png = readmes\images\Ds6.png
		readmes\images\Ds7.png = readmes\images\Ds7.png
		readmes\images\Ds8.png = readmes\images\Ds8.png
		readmes\images\Ds9.png = readmes\images\Ds9.png
		readmes\images\edit2.png = readmes\images\edit2.png
		readmes\images\edit3.png = readmes\images\edit3.png
		readmes\images\EMT1.png = readmes\images\EMT1.png
		readmes\images\EMT2.png = readmes\images\EMT2.png
		readmes\images\Fd1.png = readmes\images\Fd1.png
		readmes\images\Fd10.png = readmes\images\Fd10.png
		readmes\images\Fd11.png = readmes\images\Fd11.png
		readmes\images\Fd12.png = readmes\images\Fd12.png
		readmes\images\Fd13.png = readmes\images\Fd13.png
		readmes\images\Fd2.png = readmes\images\Fd2.png
		readmes\images\Fd3.png = readmes\images\Fd3.png
		readmes\images\Fd4.png = readmes\images\Fd4.png
		readmes\images\Fd5.png = readmes\images\Fd5.png
		readmes\images\Fd6.png = readmes\images\Fd6.png
		readmes\images\Fd7.png = readmes\images\Fd7.png
		readmes\images\Fd8.png = readmes\images\Fd8.png
		readmes\images\Fd9.png = readmes\images\Fd9.png
		readmes\images\Image1.png = readmes\images\Image1.png
		readmes\images\Login.png = readmes\images\Login.png
		readmes\images\Merge1.png = readmes\images\Merge1.png
		readmes\images\Merge10.png = readmes\images\Merge10.png
		readmes\images\Merge11.png = readmes\images\Merge11.png
		readmes\images\Merge12.png = readmes\images\Merge12.png
		readmes\images\Merge13.png = readmes\images\Merge13.png
		readmes\images\merge14.png = readmes\images\merge14.png
		readmes\images\Merge15.png = readmes\images\Merge15.png
		readmes\images\Merge16.png = readmes\images\Merge16.png
		readmes\images\Merge17.png = readmes\images\Merge17.png
		readmes\images\Merge2.png = readmes\images\Merge2.png
		readmes\images\Merge3.png = readmes\images\Merge3.png
		readmes\images\Merge4.png = readmes\images\Merge4.png
		readmes\images\Merge5.png = readmes\images\Merge5.png
		readmes\images\Merge6.png = readmes\images\Merge6.png
		readmes\images\Merge7.png = readmes\images\Merge7.png
		readmes\images\Merge8.png = readmes\images\Merge8.png
		readmes\images\Merge9.png = readmes\images\Merge9.png
		readmes\images\Mobile1.jpg = readmes\images\Mobile1.jpg
		readmes\images\Mobile2.jpg = readmes\images\Mobile2.jpg
		readmes\images\Mobile3.jpg = readmes\images\Mobile3.jpg
		readmes\images\Mobile4.jpg = readmes\images\Mobile4.jpg
		readmes\images\Mobile5.jpg = readmes\images\Mobile5.jpg
		readmes\images\Mobile6.jpg = readmes\images\Mobile6.jpg
		readmes\images\Mobile7.jpg = readmes\images\Mobile7.jpg
		readmes\images\Modal.png = readmes\images\Modal.png
		readmes\images\Nxc1.png = readmes\images\Nxc1.png
		readmes\images\Nxc2.png = readmes\images\Nxc2.png
		readmes\images\Nxc3.png = readmes\images\Nxc3.png
		readmes\images\Nxc4.png = readmes\images\Nxc4.png
		readmes\images\Nxc5.png = readmes\images\Nxc5.png
		readmes\images\Nxc6.png = readmes\images\Nxc6.png
		readmes\nxworkspace.ahk = readmes\nxworkspace.ahk
		readmes\images\Ob1.png = readmes\images\Ob1.png
		readmes\images\Ob2.png = readmes\images\Ob2.png
		readmes\images\Ob3.png = readmes\images\Ob3.png
		readmes\images\Ob4.png = readmes\images\Ob4.png
		readmes\images\Ob5.png = readmes\images\Ob5.png
		readmes\images\Ob6.png = readmes\images\Ob6.png
		readmes\images\Od1.png = readmes\images\Od1.png
		readmes\images\OWin.png = readmes\images\OWin.png
		readmes\images\Package1.png = readmes\images\Package1.png
		readmes\images\Package2.png = readmes\images\Package2.png
		readmes\images\Pdf1.png = readmes\images\Pdf1.png
		readmes\images\Pick1.png = readmes\images\Pick1.png
		readmes\images\Pick2.png = readmes\images\Pick2.png
		readmes\images\Pick3.png = readmes\images\Pick3.png
		readmes\images\Pick4.png = readmes\images\Pick4.png
		readmes\images\Pick5.png = readmes\images\Pick5.png
		readmes\images\qm1.png = readmes\images\qm1.png
		readmes\images\qm2.png = readmes\images\qm2.png
		readmes\images\qm3.png = readmes\images\qm3.png
		readmes\images\qm4.png = readmes\images\qm4.png
		readmes\images\qm5.png = readmes\images\qm5.png
		readmes\images\qm6.png = readmes\images\qm6.png
		readmes\images\QMd1.png = readmes\images\QMd1.png
		readmes\images\QMd2.png = readmes\images\QMd2.png
		readmes\images\QMd3.png = readmes\images\QMd3.png
		README.md = README.md
		readmes\README_ACCOUNTS.md = readmes\README_ACCOUNTS.md
		readmes\README_AHK.md = readmes\README_AHK.md
		readmes\README_B_AY.md = readmes\README_B_AY.md
		readmes\README_B_CHARGE.md = readmes\README_B_CHARGE.md
		readmes\README_B_INV.md = readmes\README_B_INV.md
		readmes\README_B_RATE.md = readmes\README_B_RATE.md
		readmes\README_BILLING.md = readmes\README_BILLING.md
		readmes\README_CAMPAIGN.md = readmes\README_CAMPAIGN.md
		readmes\README_COLL.md = readmes\README_COLL.md
		readmes\README_D_BASICS.md = readmes\README_D_BASICS.md
		readmes\README_D_DATASETS.md = readmes\README_D_DATASETS.md
		readmes\README_D_DOCS.md = readmes\README_D_DOCS.md
		readmes\README_D_FIELDS.md = readmes\README_D_FIELDS.md
		readmes\README_D_NXCODE.md = readmes\README_D_NXCODE.md
		readmes\README_D_OBJ.md = readmes\README_D_OBJ.md
		readmes\README_D_PICK.md = readmes\README_D_PICK.md
		readmes\README_D_TASKS.md = readmes\README_D_TASKS.md
		readmes\README_D_TASKS.md.template = readmes\README_D_TASKS.md.template
		readmes\README_D_TT.md = readmes\README_D_TT.md
		readmes\README_D_VIEWS.md = readmes\README_D_VIEWS.md
		readmes\README_D_WF.md = readmes\README_D_WF.md
		readmes\README_D_WF.md.template = readmes\README_D_WF.md.template
		readmes\README_EMPTY.md = readmes\README_EMPTY.md
		readmes\README_EMT.md = readmes\README_EMT.md
		readmes\README_FNS.md = readmes\README_FNS.md
		readmes\README_FNS.md.template = readmes\README_FNS.md.template
		readmes\README_HELP.md = readmes\README_HELP.md
		readmes\README_INFRA.md = readmes\README_INFRA.md
		readmes\README_IOT.md = readmes\README_IOT.md
		readmes\README_LE.md = readmes\README_LE.md
		readmes\README_LE.md.template = readmes\README_LE.md.template
		readmes\README_MOBILE.md = readmes\README_MOBILE.md
		readmes\README_PKG.md = readmes\README_PKG.md
		readmes\README_QM.md = readmes\README_QM.md
		readmes\README_QUORUMS.md = readmes\README_QUORUMS.md
		readmes\README_SETUP.md = readmes\README_SETUP.md
		readmes\README_SITE.md = readmes\README_SITE.md
		readmes\README_SVCS.md = readmes\README_SVCS.md
		readmes\README_T_ANALYZE.md = readmes\README_T_ANALYZE.md
		readmes\README_T_CAL.md = readmes\README_T_CAL.md
		readmes\README_T_EDITOR.md = readmes\README_T_EDITOR.md
		readmes\README_T_IMAGE.md = readmes\README_T_IMAGE.md
		readmes\README_T_MERGE.md = readmes\README_T_MERGE.md
		readmes\README_T_PDF.md = readmes\README_T_PDF.md
		readmes\README_T_REPORT.md = readmes\README_T_REPORT.md
		readmes\README_T_VIDEO.md = readmes\README_T_VIDEO.md
		readmes\README_TELEMETRY.md = readmes\README_TELEMETRY.md
		readmes\README_TERMS.md = readmes\README_TERMS.md
		readmes\README_USERS.md = readmes\README_USERS.md
		readmes\README_VISUALS.md = readmes\README_VISUALS.md
		readmes\images\SampleAllowed.png = readmes\images\SampleAllowed.png
		readmes\images\SampleData.png = readmes\images\SampleData.png
		readmes\images\SamplePick.png = readmes\images\SamplePick.png
		readmes\images\Site1.png = readmes\images\Site1.png
		readmes\images\Site10.png = readmes\images\Site10.png
		readmes\images\Site11.png = readmes\images\Site11.png
		readmes\images\Site12.png = readmes\images\Site12.png
		readmes\images\Site15.png = readmes\images\Site15.png
		readmes\images\Site2.png = readmes\images\Site2.png
		readmes\images\Site3.png = readmes\images\Site3.png
		readmes\images\Site4.png = readmes\images\Site4.png
		readmes\images\Site5.png = readmes\images\Site5.png
		readmes\images\Site6.png = readmes\images\Site6.png
		readmes\images\Site7.png = readmes\images\Site7.png
		readmes\images\Site8.png = readmes\images\Site8.png
		readmes\images\Site9.png = readmes\images\Site9.png
		readmes\images\SiteManager.png = readmes\images\SiteManager.png
		readmes\images\Start.png = readmes\images\Start.png
		readmes\images\SysCmd.png = readmes\images\SysCmd.png
		readmes\images\SysMenu1.png = readmes\images\SysMenu1.png
		readmes\images\TeleA1.png = readmes\images\TeleA1.png
		readmes\images\TeleA2.png = readmes\images\TeleA2.png
		readmes\images\TeleA3.png = readmes\images\TeleA3.png
		readmes\images\tm_acenter.svg = readmes\images\tm_acenter.svg
		readmes\images\tm_ajust.svg = readmes\images\tm_ajust.svg
		readmes\images\tm_aleft.svg = readmes\images\tm_aleft.svg
		readmes\images\tm_aright.svg = readmes\images\tm_aright.svg
		readmes\images\tm_bm.svg = readmes\images\tm_bm.svg
		readmes\images\tm_bold.svg = readmes\images\tm_bold.svg
		readmes\images\tm_cback.svg = readmes\images\tm_cback.svg
		readmes\images\tm_ctext.svg = readmes\images\tm_ctext.svg
		readmes\images\tm_emoji.svg = readmes\images\tm_emoji.svg
		readmes\images\tm_full.svg = readmes\images\tm_full.svg
		readmes\images\tm_horz.svg = readmes\images\tm_horz.svg
		readmes\images\tm_image.svg = readmes\images\tm_image.svg
		readmes\images\tm_indent.svg = readmes\images\tm_indent.svg
		readmes\images\tm_italic.svg = readmes\images\tm_italic.svg
		readmes\images\tm_link.svg = readmes\images\tm_link.svg
		readmes\images\tm_listorder.svg = readmes\images\tm_listorder.svg
		readmes\images\tm_ltr.svg = readmes\images\tm_ltr.svg
		readmes\images\tm_lunorder.svg = readmes\images\tm_lunorder.svg
		readmes\images\tm_outdent.svg = readmes\images\tm_outdent.svg
		readmes\images\tm_pagebreak.svg = readmes\images\tm_pagebreak.svg
		readmes\images\tm_print.svg = readmes\images\tm_print.svg
		readmes\images\tm_redo.svg = readmes\images\tm_redo.svg
		readmes\images\tm_remfmt.svg = readmes\images\tm_remfmt.svg
		readmes\images\tm_rtl.svg = readmes\images\tm_rtl.svg
		readmes\images\tm_save.svg = readmes\images\tm_save.svg
		readmes\images\tm_search.svg = readmes\images\tm_search.svg
		readmes\images\tm_specchar.svg = readmes\images\tm_specchar.svg
		readmes\images\tm_strike.svg = readmes\images\tm_strike.svg
		readmes\images\tm_under.svg = readmes\images\tm_under.svg
		readmes\images\tm_undo.svg = readmes\images\tm_undo.svg
		readmes\images\Tt1.png = readmes\images\Tt1.png
		readmes\images\Tt2.png = readmes\images\Tt2.png
		readmes\images\Tt3.png = readmes\images\Tt3.png
		readmes\images\User.png = readmes\images\User.png
		readmes\images\User1.png = readmes\images\User1.png
		readmes\images\User2.png = readmes\images\User2.png
		readmes\images\User3.png = readmes\images\User3.png
		readmes\images\User4.png = readmes\images\User4.png
		readmes\images\User5.png = readmes\images\User5.png
		readmes\images\Va1.png = readmes\images\Va1.png
		readmes\images\Va2.png = readmes\images\Va2.png
		readmes\images\Va3.png = readmes\images\Va3.png
		readmes\images\Video1.png = readmes\images\Video1.png
		readmes\images\Vw1.png = readmes\images\Vw1.png
		readmes\images\Vw2.png = readmes\images\Vw2.png
		readmes\images\Welcome.png = readmes\images\Welcome.png
		readmes\images\Wf1.png = readmes\images\Wf1.png
		WHO.md = WHO.md
	EndProjectSection
EndProject
Project("{9A19103F-16F7-4668-BE54-9A1E7A4F7556}") = "NXLibreOffice", "NXLibreOffice\NXLibreOffice.csproj", "{76A428F4-929F-4B5F-82FB-108CDBEC58D8}"
EndProject
Project("{9A19103F-16F7-4668-BE54-9A1E7A4F7556}") = "Proc.LibreOffice", "Proc.LibreOffice\Proc.LibreOffice.csproj", "{12E7760B-8539-4C5D-9C15-432BC144ECB0}"
EndProject
Project("{9A19103F-16F7-4668-BE54-9A1E7A4F7556}") = "Route.LibreOffice", "Route.LibreOffice\Route.LibreOffice.csproj", "{2756EB66-F16F-4127-96B1-613A8BB3C16A}"
EndProject
Project("{9A19103F-16F7-4668-BE54-9A1E7A4F7556}") = "NX.Updater", "NX.Updater\NX.Updater.csproj", "{49329C53-2541-43C1-A9F3-C8CB67A7A638}"
EndProject
Project("{9A19103F-16F7-4668-BE54-9A1E7A4F7556}") = "Proc.Updater", "Proc.Updater\Proc.Updater.csproj", "{A4E8DF76-EFF1-4064-8CC5-390666CA22C4}"
EndProject
Project("{9A19103F-16F7-4668-BE54-9A1E7A4F7556}") = "Proc.Web", "Proc.Web\Proc.Web.csproj", "{B0CE0819-5F25-43FF-A056-26134192A41D}"
EndProject
Project("{9A19103F-16F7-4668-BE54-9A1E7A4F7556}") = "Proc.Telemetry", "Proc.Telemetry\Proc.Telemetry.csproj", "{B5B61AA8-4B05-4887-8F09-B77EC576A52A}"
EndProject
Global
	GlobalSection(SolutionConfigurationPlatforms) = preSolution
		Debug|Any CPU = Debug|Any CPU
		Release|Any CPU = Release|Any CPU
	EndGlobalSection
	GlobalSection(ProjectConfigurationPlatforms) = postSolution
		{C2154F65-84AD-4B03-BD44-9E0A7C2AD916}.Debug|Any CPU.ActiveCfg = Debug|Any CPU
		{C2154F65-84AD-4B03-BD44-9E0A7C2AD916}.Debug|Any CPU.Build.0 = Debug|Any CPU
		{C2154F65-84AD-4B03-BD44-9E0A7C2AD916}.Release|Any CPU.ActiveCfg = Release|Any CPU
		{C2154F65-84AD-4B03-BD44-9E0A7C2AD916}.Release|Any CPU.Build.0 = Release|Any CPU
		{D4AEFF59-CBA2-42FB-90BB-4E51EFD8E7D4}.Debug|Any CPU.ActiveCfg = Debug|Any CPU
		{D4AEFF59-CBA2-42FB-90BB-4E51EFD8E7D4}.Debug|Any CPU.Build.0 = Debug|Any CPU
		{D4AEFF59-CBA2-42FB-90BB-4E51EFD8E7D4}.Release|Any CPU.ActiveCfg = Release|Any CPU
		{D4AEFF59-CBA2-42FB-90BB-4E51EFD8E7D4}.Release|Any CPU.Build.0 = Release|Any CPU
		{15B530DA-C9C7-4513-9400-0AF4EC22C949}.Debug|Any CPU.ActiveCfg = Debug|Any CPU
		{15B530DA-C9C7-4513-9400-0AF4EC22C949}.Debug|Any CPU.Build.0 = Debug|Any CPU
		{15B530DA-C9C7-4513-9400-0AF4EC22C949}.Release|Any CPU.ActiveCfg = Release|Any CPU
		{15B530DA-C9C7-4513-9400-0AF4EC22C949}.Release|Any CPU.Build.0 = Release|Any CPU
		{05F906D8-99C8-483A-BF4D-64FC89B5EE97}.Debug|Any CPU.ActiveCfg = Debug|Any CPU
		{05F906D8-99C8-483A-BF4D-64FC89B5EE97}.Debug|Any CPU.Build.0 = Debug|Any CPU
		{05F906D8-99C8-483A-BF4D-64FC89B5EE97}.Release|Any CPU.ActiveCfg = Release|Any CPU
		{05F906D8-99C8-483A-BF4D-64FC89B5EE97}.Release|Any CPU.Build.0 = Release|Any CPU
		{F91BD23F-9DB8-4199-951F-1DFEF9EC4B2D}.Debug|Any CPU.ActiveCfg = Debug|Any CPU
		{F91BD23F-9DB8-4199-951F-1DFEF9EC4B2D}.Debug|Any CPU.Build.0 = Debug|Any CPU
		{F91BD23F-9DB8-4199-951F-1DFEF9EC4B2D}.Release|Any CPU.ActiveCfg = Release|Any CPU
		{F91BD23F-9DB8-4199-951F-1DFEF9EC4B2D}.Release|Any CPU.Build.0 = Release|Any CPU
		{36984813-89B1-4D27-9A52-F304C38CA444}.Debug|Any CPU.ActiveCfg = Debug|Any CPU
		{36984813-89B1-4D27-9A52-F304C38CA444}.Debug|Any CPU.Build.0 = Debug|Any CPU
		{36984813-89B1-4D27-9A52-F304C38CA444}.Release|Any CPU.ActiveCfg = Release|Any CPU
		{36984813-89B1-4D27-9A52-F304C38CA444}.Release|Any CPU.Build.0 = Release|Any CPU
		{59A200B7-EC0B-44F8-8193-FBAA9643291C}.Debug|Any CPU.ActiveCfg = Debug|Any CPU
		{59A200B7-EC0B-44F8-8193-FBAA9643291C}.Debug|Any CPU.Build.0 = Debug|Any CPU
		{59A200B7-EC0B-44F8-8193-FBAA9643291C}.Release|Any CPU.ActiveCfg = Release|Any CPU
		{59A200B7-EC0B-44F8-8193-FBAA9643291C}.Release|Any CPU.Build.0 = Release|Any CPU
		{F402FE45-52BF-4B3F-A76D-D4F3BEA64E2A}.Debug|Any CPU.ActiveCfg = Debug|Any CPU
		{F402FE45-52BF-4B3F-A76D-D4F3BEA64E2A}.Debug|Any CPU.Build.0 = Debug|Any CPU
		{F402FE45-52BF-4B3F-A76D-D4F3BEA64E2A}.Release|Any CPU.ActiveCfg = Release|Any CPU
		{F402FE45-52BF-4B3F-A76D-D4F3BEA64E2A}.Release|Any CPU.Build.0 = Release|Any CPU
		{CE55E46A-E544-4A3D-8EF4-242C0E7BF084}.Debug|Any CPU.ActiveCfg = Debug|Any CPU
		{CE55E46A-E544-4A3D-8EF4-242C0E7BF084}.Debug|Any CPU.Build.0 = Debug|Any CPU
		{CE55E46A-E544-4A3D-8EF4-242C0E7BF084}.Release|Any CPU.ActiveCfg = Release|Any CPU
		{CE55E46A-E544-4A3D-8EF4-242C0E7BF084}.Release|Any CPU.Build.0 = Release|Any CPU
		{5E63D4DD-9053-4651-A5AF-7B39A5E47E99}.Debug|Any CPU.ActiveCfg = Debug|Any CPU
		{5E63D4DD-9053-4651-A5AF-7B39A5E47E99}.Debug|Any CPU.Build.0 = Debug|Any CPU
		{5E63D4DD-9053-4651-A5AF-7B39A5E47E99}.Release|Any CPU.ActiveCfg = Release|Any CPU
		{5E63D4DD-9053-4651-A5AF-7B39A5E47E99}.Release|Any CPU.Build.0 = Release|Any CPU
		{2F0550E6-4B0A-4731-B7D5-12A5ABE6CAB1}.Debug|Any CPU.ActiveCfg = Debug|Any CPU
		{2F0550E6-4B0A-4731-B7D5-12A5ABE6CAB1}.Debug|Any CPU.Build.0 = Debug|Any CPU
		{2F0550E6-4B0A-4731-B7D5-12A5ABE6CAB1}.Release|Any CPU.ActiveCfg = Release|Any CPU
		{2F0550E6-4B0A-4731-B7D5-12A5ABE6CAB1}.Release|Any CPU.Build.0 = Release|Any CPU
		{E3B628F5-52DD-49C1-A6B4-1470E48712D3}.Debug|Any CPU.ActiveCfg = Debug|Any CPU
		{E3B628F5-52DD-49C1-A6B4-1470E48712D3}.Debug|Any CPU.Build.0 = Debug|Any CPU
		{E3B628F5-52DD-49C1-A6B4-1470E48712D3}.Release|Any CPU.ActiveCfg = Release|Any CPU
		{E3B628F5-52DD-49C1-A6B4-1470E48712D3}.Release|Any CPU.Build.0 = Release|Any CPU
		{9FBB7993-D1F4-4ADB-B4DF-E8774DD2EA79}.Debug|Any CPU.ActiveCfg = Debug|Any CPU
		{9FBB7993-D1F4-4ADB-B4DF-E8774DD2EA79}.Debug|Any CPU.Build.0 = Debug|Any CPU
		{9FBB7993-D1F4-4ADB-B4DF-E8774DD2EA79}.Release|Any CPU.ActiveCfg = Release|Any CPU
		{9FBB7993-D1F4-4ADB-B4DF-E8774DD2EA79}.Release|Any CPU.Build.0 = Release|Any CPU
		{58ED7E80-E0F8-400A-8F44-802F6E2609DD}.Debug|Any CPU.ActiveCfg = Debug|Any CPU
		{58ED7E80-E0F8-400A-8F44-802F6E2609DD}.Debug|Any CPU.Build.0 = Debug|Any CPU
		{58ED7E80-E0F8-400A-8F44-802F6E2609DD}.Release|Any CPU.ActiveCfg = Release|Any CPU
		{58ED7E80-E0F8-400A-8F44-802F6E2609DD}.Release|Any CPU.Build.0 = Release|Any CPU
		{F84B363D-95E2-47D7-A5E0-544DFC580DA2}.Debug|Any CPU.ActiveCfg = Debug|Any CPU
		{F84B363D-95E2-47D7-A5E0-544DFC580DA2}.Debug|Any CPU.Build.0 = Debug|Any CPU
		{F84B363D-95E2-47D7-A5E0-544DFC580DA2}.Release|Any CPU.ActiveCfg = Release|Any CPU
		{F84B363D-95E2-47D7-A5E0-544DFC580DA2}.Release|Any CPU.Build.0 = Release|Any CPU
		{6421FB65-7067-49EC-AF06-56C93DC39257}.Debug|Any CPU.ActiveCfg = Debug|Any CPU
		{6421FB65-7067-49EC-AF06-56C93DC39257}.Debug|Any CPU.Build.0 = Debug|Any CPU
		{6421FB65-7067-49EC-AF06-56C93DC39257}.Release|Any CPU.ActiveCfg = Release|Any CPU
		{6421FB65-7067-49EC-AF06-56C93DC39257}.Release|Any CPU.Build.0 = Release|Any CPU
		{76A428F4-929F-4B5F-82FB-108CDBEC58D8}.Debug|Any CPU.ActiveCfg = Debug|Any CPU
		{76A428F4-929F-4B5F-82FB-108CDBEC58D8}.Debug|Any CPU.Build.0 = Debug|Any CPU
		{76A428F4-929F-4B5F-82FB-108CDBEC58D8}.Release|Any CPU.ActiveCfg = Release|Any CPU
		{76A428F4-929F-4B5F-82FB-108CDBEC58D8}.Release|Any CPU.Build.0 = Release|Any CPU
		{12E7760B-8539-4C5D-9C15-432BC144ECB0}.Debug|Any CPU.ActiveCfg = Debug|Any CPU
		{12E7760B-8539-4C5D-9C15-432BC144ECB0}.Debug|Any CPU.Build.0 = Debug|Any CPU
		{12E7760B-8539-4C5D-9C15-432BC144ECB0}.Release|Any CPU.ActiveCfg = Release|Any CPU
		{12E7760B-8539-4C5D-9C15-432BC144ECB0}.Release|Any CPU.Build.0 = Release|Any CPU
		{2756EB66-F16F-4127-96B1-613A8BB3C16A}.Debug|Any CPU.ActiveCfg = Debug|Any CPU
		{2756EB66-F16F-4127-96B1-613A8BB3C16A}.Debug|Any CPU.Build.0 = Debug|Any CPU
		{2756EB66-F16F-4127-96B1-613A8BB3C16A}.Release|Any CPU.ActiveCfg = Release|Any CPU
		{2756EB66-F16F-4127-96B1-613A8BB3C16A}.Release|Any CPU.Build.0 = Release|Any CPU
		{49329C53-2541-43C1-A9F3-C8CB67A7A638}.Debug|Any CPU.ActiveCfg = Debug|Any CPU
		{49329C53-2541-43C1-A9F3-C8CB67A7A638}.Debug|Any CPU.Build.0 = Debug|Any CPU
		{49329C53-2541-43C1-A9F3-C8CB67A7A638}.Release|Any CPU.ActiveCfg = Release|Any CPU
		{49329C53-2541-43C1-A9F3-C8CB67A7A638}.Release|Any CPU.Build.0 = Release|Any CPU
		{A4E8DF76-EFF1-4064-8CC5-390666CA22C4}.Debug|Any CPU.ActiveCfg = Debug|Any CPU
		{A4E8DF76-EFF1-4064-8CC5-390666CA22C4}.Debug|Any CPU.Build.0 = Debug|Any CPU
		{A4E8DF76-EFF1-4064-8CC5-390666CA22C4}.Release|Any CPU.ActiveCfg = Release|Any CPU
		{A4E8DF76-EFF1-4064-8CC5-390666CA22C4}.Release|Any CPU.Build.0 = Release|Any CPU
		{B0CE0819-5F25-43FF-A056-26134192A41D}.Debug|Any CPU.ActiveCfg = Debug|Any CPU
		{B0CE0819-5F25-43FF-A056-26134192A41D}.Debug|Any CPU.Build.0 = Debug|Any CPU
		{B0CE0819-5F25-43FF-A056-26134192A41D}.Release|Any CPU.ActiveCfg = Release|Any CPU
		{B0CE0819-5F25-43FF-A056-26134192A41D}.Release|Any CPU.Build.0 = Release|Any CPU
		{B5B61AA8-4B05-4887-8F09-B77EC576A52A}.Debug|Any CPU.ActiveCfg = Debug|Any CPU
		{B5B61AA8-4B05-4887-8F09-B77EC576A52A}.Debug|Any CPU.Build.0 = Debug|Any CPU
		{B5B61AA8-4B05-4887-8F09-B77EC576A52A}.Release|Any CPU.ActiveCfg = Release|Any CPU
		{B5B61AA8-4B05-4887-8F09-B77EC576A52A}.Release|Any CPU.Build.0 = Release|Any CPU
	EndGlobalSection
	GlobalSection(SolutionProperties) = preSolution
		HideSolutionNode = FALSE
	EndGlobalSection
	GlobalSection(ExtensibilityGlobals) = postSolution
		SolutionGuid = {A6CE5269-89E0-4367-8596-2AA5EDE9EACC}
	EndGlobalSection
EndGlobal
